
Microsoft Visual Studio Solution File, Format Version 12.00
# Visual Studio Version 17
VisualStudioVersion = 17.0.31903.59
MinimumVisualStudioVersion = 10.0.40219.1
Project("{FAE04EC0-301F-11D3-BF4B-00C04F79EFBC}") = "LocalCodingMcp", "LocalCodingMcp\LocalCodingMcp.csproj", "{AC571B11-31E9-4542-941A-BBC7F92BD677}"
EndProject
Project("{FAE04EC0-301F-11D3-BF4B-00C04F79EFBC}") = "LocalCodingMcp.Tests", "LocalCodingMcp.Tests\LocalCodingMcp.Tests.csproj", "{F27B8C05-5C44-404E-BDF2-352D047CD470}"
EndProject
Global
	GlobalSection(SolutionConfigurationPlatforms) = preSolution
		Debug|Any CPU = Debug|Any CPU
		Release|Any CPU = Release|Any CPU
	EndGlobalSection
	GlobalSection(SolutionProperties) = preSolution
		HideSolutionNode = FALSE
	EndGlobalSection
	GlobalSection(ProjectConfigurationPlatforms) = postSolution
		{AC571B11-31E9-4542-941A-BBC7F92BD677}.Debug|Any CPU.ActiveCfg = Debug|Any CPU
		{AC571B11-31E9-4542-941A-BBC7F92BD677}.Debug|Any CPU.Build.0 = Debug|Any CPU
		{AC571B11-31E9-4542-941A-BBC7F92BD677}.Release|Any CPU.ActiveCfg = Release|Any CPU
		{AC571B11-31E9-4542-941A-BBC7F92BD677}.Release|Any CPU.Build.0 = Release|Any CPU
		{F27B8C05-5C44-404E-BDF2-352D047CD470}.Debug|Any CPU.ActiveCfg = Debug|Any CPU
		{F27B8C05-5C44-404E-BDF2-352D047CD470}.Debug|Any CPU.Build.0 = Debug|Any CPU
		{F27B8C05-5C44-404E-BDF2-352D047CD470}.Release|Any CPU.ActiveCfg = Release|Any CPU
		{F27B8C05-5C44-404E-BDF2-352D047CD470}.Release|Any CPU.Build.0 = Release|Any CPU
	EndGlobalSection
EndGlobal
